// !$*UTF8*$!
{
	archiveVersion = 1;
	classes = {
	};
	objectVersion = 46;
	objects = {

/* Begin PBXBuildFile section */
		9B971ECE1E09456B0080DDC6 /* HRU_API.swift in Sources */ = {isa = PBXBuildFile; fileRef = 9B971ECD1E09456B0080DDC6 /* HRU_API.swift */; };
		9BCD32821E08F3DD00EDAC3E /* SwiftyJSON.framework in Frameworks */ = {isa = PBXBuildFile; fileRef = 9BCD32811E08F3DD00EDAC3E /* SwiftyJSON.framework */; };
		9BDA26191E08DEAD0026644C /* AppDelegate.swift in Sources */ = {isa = PBXBuildFile; fileRef = 9BDA26181E08DEAD0026644C /* AppDelegate.swift */; };
		9BDA261B1E08DEAD0026644C /* ViewController.swift in Sources */ = {isa = PBXBuildFile; fileRef = 9BDA261A1E08DEAD0026644C /* ViewController.swift */; };
		9BDA261E1E08DEAD0026644C /* Main.storyboard in Resources */ = {isa = PBXBuildFile; fileRef = 9BDA261C1E08DEAD0026644C /* Main.storyboard */; };
		9BDA26201E08DEAD0026644C /* Assets.xcassets in Resources */ = {isa = PBXBuildFile; fileRef = 9BDA261F1E08DEAD0026644C /* Assets.xcassets */; };
		9BDA26231E08DEAD0026644C /* LaunchScreen.storyboard in Resources */ = {isa = PBXBuildFile; fileRef = 9BDA26211E08DEAD0026644C /* LaunchScreen.storyboard */; };
		9BDA262C1E08E8140026644C /* Alamofire.framework in Frameworks */ = {isa = PBXBuildFile; fileRef = 9BDA262B1E08E8140026644C /* Alamofire.framework */; };
		9BDA262F1E08E9A60026644C /* HRUMoodsTableViewController.swift in Sources */ = {isa = PBXBuildFile; fileRef = 9BDA262E1E08E9A60026644C /* HRUMoodsTableViewController.swift */; };
		9BDA26321E08EAD80026644C /* HRUMood.swift in Sources */ = {isa = PBXBuildFile; fileRef = 9BDA26311E08EAD80026644C /* HRUMood.swift */; };
/* End PBXBuildFile section */

/* Begin PBXFileReference section */
		9B971ECD1E09456B0080DDC6 /* HRU_API.swift */ = {isa = PBXFileReference; fileEncoding = 4; lastKnownFileType = sourcecode.swift; path = HRU_API.swift; sourceTree = "<group>"; };
		9BCD32811E08F3DD00EDAC3E /* SwiftyJSON.framework */ = {isa = PBXFileReference; lastKnownFileType = wrapper.framework; name = SwiftyJSON.framework; path = Carthage/Build/iOS/SwiftyJSON.framework; sourceTree = "<group>"; };
		9BDA26151E08DEAD0026644C /* HRU_ClientExample.app */ = {isa = PBXFileReference; explicitFileType = wrapper.application; includeInIndex = 0; path = HRU_ClientExample.app; sourceTree = BUILT_PRODUCTS_DIR; };
		9BDA26181E08DEAD0026644C /* AppDelegate.swift */ = {isa = PBXFileReference; lastKnownFileType = sourcecode.swift; path = AppDelegate.swift; sourceTree = "<group>"; };
		9BDA261A1E08DEAD0026644C /* ViewController.swift */ = {isa = PBXFileReference; lastKnownFileType = sourcecode.swift; path = ViewController.swift; sourceTree = "<group>"; };
		9BDA261D1E08DEAD0026644C /* Base */ = {isa = PBXFileReference; lastKnownFileType = file.storyboard; name = Base; path = Base.lproj/Main.storyboard; sourceTree = "<group>"; };
		9BDA261F1E08DEAD0026644C /* Assets.xcassets */ = {isa = PBXFileReference; lastKnownFileType = folder.assetcatalog; path = Assets.xcassets; sourceTree = "<group>"; };
		9BDA26221E08DEAD0026644C /* Base */ = {isa = PBXFileReference; lastKnownFileType = file.storyboard; name = Base; path = Base.lproj/LaunchScreen.storyboard; sourceTree = "<group>"; };
		9BDA26241E08DEAD0026644C /* Info.plist */ = {isa = PBXFileReference; lastKnownFileType = text.plist.xml; path = Info.plist; sourceTree = "<group>"; };
		9BDA262B1E08E8140026644C /* Alamofire.framework */ = {isa = PBXFileReference; lastKnownFileType = wrapper.framework; name = Alamofire.framework; path = Carthage/Build/iOS/Alamofire.framework; sourceTree = "<group>"; };
		9BDA262E1E08E9A60026644C /* HRUMoodsTableViewController.swift */ = {isa = PBXFileReference; fileEncoding = 4; lastKnownFileType = sourcecode.swift; path = HRUMoodsTableViewController.swift; sourceTree = "<group>"; };
		9BDA26311E08EAD80026644C /* HRUMood.swift */ = {isa = PBXFileReference; fileEncoding = 4; lastKnownFileType = sourcecode.swift; path = HRUMood.swift; sourceTree = "<group>"; };
/* End PBXFileReference section */

/* Begin PBXFrameworksBuildPhase section */
		9BDA26121E08DEAD0026644C /* Frameworks */ = {
			isa = PBXFrameworksBuildPhase;
			buildActionMask = 2147483647;
			files = (
				9BDA262C1E08E8140026644C /* Alamofire.framework in Frameworks */,
				9BCD32821E08F3DD00EDAC3E /* SwiftyJSON.framework in Frameworks */,
			);
			runOnlyForDeploymentPostprocessing = 0;
		};
/* End PBXFrameworksBuildPhase section */

/* Begin PBXGroup section */
		9B971EC81E0935F90080DDC6 /* Support */ = {
			isa = PBXGroup;
			children = (
				9B971ECD1E09456B0080DDC6 /* HRU_API.swift */,
			);
			name = Support;
			sourceTree = "<group>";
		};
		9BDA260C1E08DEAD0026644C = {
			isa = PBXGroup;
			children = (
				9BDA26171E08DEAD0026644C /* HRU_ClientExample */,
				9BDA26161E08DEAD0026644C /* Products */,
				9BDA262A1E08E8140026644C /* Frameworks */,
			);
			sourceTree = "<group>";
		};
		9BDA26161E08DEAD0026644C /* Products */ = {
			isa = PBXGroup;
			children = (
				9BDA26151E08DEAD0026644C /* HRU_ClientExample.app */,
			);
			name = Products;
			sourceTree = "<group>";
		};
		9BDA26171E08DEAD0026644C /* HRU_ClientExample */ = {
			isa = PBXGroup;
			children = (
				9BDA26181E08DEAD0026644C /* AppDelegate.swift */,
				9B971EC81E0935F90080DDC6 /* Support */,
				9BDA26301E08EAB80026644C /* Controller */,
				9BDA26331E08EADD0026644C /* Model */,
				9BDA261C1E08DEAD0026644C /* Main.storyboard */,
				9BDA261F1E08DEAD0026644C /* Assets.xcassets */,
				9BDA26211E08DEAD0026644C /* LaunchScreen.storyboard */,
				9BDA26241E08DEAD0026644C /* Info.plist */,
			);
			path = HRU_ClientExample;
			sourceTree = "<group>";
		};
		9BDA262A1E08E8140026644C /* Frameworks */ = {
			isa = PBXGroup;
			children = (
				9BCD32811E08F3DD00EDAC3E /* SwiftyJSON.framework */,
				9BDA262B1E08E8140026644C /* Alamofire.framework */,
			);
			name = Frameworks;
			sourceTree = "<group>";
		};
		9BDA26301E08EAB80026644C /* Controller */ = {
			isa = PBXGroup;
			children = (
				9BDA261A1E08DEAD0026644C /* ViewController.swift */,
				9BDA262E1E08E9A60026644C /* HRUMoodsTableViewController.swift */,
			);
			name = Controller;
			sourceTree = "<group>";
		};
		9BDA26331E08EADD0026644C /* Model */ = {
			isa = PBXGroup;
			children = (
				9BDA26311E08EAD80026644C /* HRUMood.swift */,
			);
			name = Model;
			sourceTree = "<group>";
		};
/* End PBXGroup section */

/* Begin PBXNativeTarget section */
		9BDA26141E08DEAD0026644C /* HRU_ClientExample */ = {
			isa = PBXNativeTarget;
			buildConfigurationList = 9BDA26271E08DEAD0026644C /* Build configuration list for PBXNativeTarget "HRU_ClientExample" */;
			buildPhases = (
				9BDA26111E08DEAD0026644C /* Sources */,
				9BDA26121E08DEAD0026644C /* Frameworks */,
				9BDA26131E08DEAD0026644C /* Resources */,
				9BDA262D1E08E89D0026644C /* ShellScript */,
			);
			buildRules = (
			);
			dependencies = (
			);
			name = HRU_ClientExample;
			productName = HRU_ClientExample;
			productReference = 9BDA26151E08DEAD0026644C /* HRU_ClientExample.app */;
			productType = "com.apple.product-type.application";
		};
/* End PBXNativeTarget section */

/* Begin PBXProject section */
		9BDA260D1E08DEAD0026644C /* Project object */ = {
			isa = PBXProject;
			attributes = {
				LastSwiftUpdateCheck = 0810;
				LastUpgradeCheck = 0810;
				ORGANIZATIONNAME = SwiftWithMe;
				TargetAttributes = {
					9BDA26141E08DEAD0026644C = {
						CreatedOnToolsVersion = 8.1;
						DevelopmentTeam = 7JP8NP67JM;
						ProvisioningStyle = Automatic;
					};
				};
			};
			buildConfigurationList = 9BDA26101E08DEAD0026644C /* Build configuration list for PBXProject "HRU_ClientExample" */;
			compatibilityVersion = "Xcode 3.2";
			developmentRegion = English;
			hasScannedForEncodings = 0;
			knownRegions = (
				en,
				Base,
			);
			mainGroup = 9BDA260C1E08DEAD0026644C;
			productRefGroup = 9BDA26161E08DEAD0026644C /* Products */;
			projectDirPath = "";
			projectRoot = "";
			targets = (
				9BDA26141E08DEAD0026644C /* HRU_ClientExample */,
			);
		};
/* End PBXProject section */

/* Begin PBXResourcesBuildPhase section */
		9BDA26131E08DEAD0026644C /* Resources */ = {
			isa = PBXResourcesBuildPhase;
			buildActionMask = 2147483647;
			files = (
				9BDA26231E08DEAD0026644C /* LaunchScreen.storyboard in Resources */,
				9BDA26201E08DEAD0026644C /* Assets.xcassets in Resources */,
				9BDA261E1E08DEAD0026644C /* Main.storyboard in Resources */,
			);
			runOnlyForDeploymentPostprocessing = 0;
		};
/* End PBXResourcesBuildPhase section */

/* Begin PBXShellScriptBuildPhase section */
		9BDA262D1E08E89D0026644C /* ShellScript */ = {
			isa = PBXShellScriptBuildPhase;
			buildActionMask = 2147483647;
			files = (
			);
			inputPaths = (
				"$(SRCROOT)/Carthage/Build/iOS/Alamofire.framework",
				"$(SRCROOT)/Carthage/Build/iOS/SwiftyJSON.framework",
			);
			outputPaths = (
			);
			runOnlyForDeploymentPostprocessing = 0;
			shellPath = /bin/sh;
			shellScript = "/usr/local/bin/carthage copy-frameworks";
		};
/* End PBXShellScriptBuildPhase section */

/* Begin PBXSourcesBuildPhase section */
		9BDA26111E08DEAD0026644C /* Sources */ = {
			isa = PBXSourcesBuildPhase;
			buildActionMask = 2147483647;
			files = (
				9BDA262F1E08E9A60026644C /* HRUMoodsTableViewController.swift in Sources */,
				9BDA261B1E08DEAD0026644C /* ViewController.swift in Sources */,
				9B971ECE1E09456B0080DDC6 /* HRU_API.swift in Sources */,
				9BDA26321E08EAD80026644C /* HRUMood.swift in Sources */,
				9BDA26191E08DEAD0026644C /* AppDelegate.swift in Sources */,
			);
			runOnlyForDeploymentPostprocessing = 0;
		};
/* End PBXSourcesBuildPhase section */

/* Begin PBXVariantGroup section */
		9BDA261C1E08DEAD0026644C /* Main.storyboard */ = {
			isa = PBXVariantGroup;
			children = (
				9BDA261D1E08DEAD0026644C /* Base */,
			);
			name = Main.storyboard;
			sourceTree = "<group>";
		};
		9BDA26211E08DEAD0026644C /* LaunchScreen.storyboard */ = {
			isa = PBXVariantGroup;
			children = (
				9BDA26221E08DEAD0026644C /* Base */,
			);
			name = LaunchScreen.storyboard;
			sourceTree = "<group>";
		};
/* End PBXVariantGroup section */

/* Begin XCBuildConfiguration section */
		9BDA26251E08DEAD0026644C /* Debug */ = {
			isa = XCBuildConfiguration;
			buildSettings = {
				ALWAYS_SEARCH_USER_PATHS = NO;
				CLANG_ANALYZER_NONNULL = YES;
				CLANG_CXX_LANGUAGE_STANDARD = "gnu++0x";
				CLANG_CXX_LIBRARY = "libc++";
				CLANG_ENABLE_MODULES = YES;
				CLANG_ENABLE_OBJC_ARC = YES;
				CLANG_WARN_BOOL_CONVERSION = YES;
				CLANG_WARN_CONSTANT_CONVERSION = YES;
				CLANG_WARN_DIRECT_OBJC_ISA_USAGE = YES_ERROR;
				CLANG_WARN_DOCUMENTATION_COMMENTS = YES;
				CLANG_WARN_EMPTY_BODY = YES;
				CLANG_WARN_ENUM_CONVERSION = YES;
				CLANG_WARN_INFINITE_RECURSION = YES;
				CLANG_WARN_INT_CONVERSION = YES;
				CLANG_WARN_OBJC_ROOT_CLASS = YES_ERROR;
				CLANG_WARN_SUSPICIOUS_MOVES = YES;
				CLANG_WARN_UNREACHABLE_CODE = YES;
				CLANG_WARN__DUPLICATE_METHOD_MATCH = YES;
				"CODE_SIGN_IDENTITY[sdk=iphoneos*]" = "iPhone Developer";
				COPY_PHASE_STRIP = NO;
				DEBUG_INFORMATION_FORMAT = dwarf;
				ENABLE_STRICT_OBJC_MSGSEND = YES;
				ENABLE_TESTABILITY = YES;
				GCC_C_LANGUAGE_STANDARD = gnu99;
				GCC_DYNAMIC_NO_PIC = NO;
				GCC_NO_COMMON_BLOCKS = YES;
				GCC_OPTIMIZATION_LEVEL = 0;
				GCC_PREPROCESSOR_DEFINITIONS = (
					"DEBUG=1",
					"$(inherited)",
				);
				GCC_WARN_64_TO_32_BIT_CONVERSION = YES;
				GCC_WARN_ABOUT_RETURN_TYPE = YES_ERROR;
				GCC_WARN_UNDECLARED_SELECTOR = YES;
				GCC_WARN_UNINITIALIZED_AUTOS = YES_AGGRESSIVE;
				GCC_WARN_UNUSED_FUNCTION = YES;
				GCC_WARN_UNUSED_VARIABLE = YES;
				IPHONEOS_DEPLOYMENT_TARGET = 10.1;
				MTL_ENABLE_DEBUG_INFO = YES;
				ONLY_ACTIVE_ARCH = YES;
				SDKROOT = iphoneos;
				SWIFT_ACTIVE_COMPILATION_CONDITIONS = DEBUG;
				SWIFT_OPTIMIZATION_LEVEL = "-Onone";
			};
			name = Debug;
		};
		9BDA26261E08DEAD0026644C /* Release */ = {
			isa = XCBuildConfiguration;
			buildSettings = {
				ALWAYS_SEARCH_USER_PATHS = NO;
				CLANG_ANALYZER_NONNULL = YES;
				CLANG_CXX_LANGUAGE_STANDARD = "gnu++0x";
				CLANG_CXX_LIBRARY = "libc++";
				CLANG_ENABLE_MODULES = YES;
				CLANG_ENABLE_OBJC_ARC = YES;
				CLANG_WARN_BOOL_CONVERSION = YES;
				CLANG_WARN_CONSTANT_CONVERSION = YES;
				CLANG_WARN_DIRECT_OBJC_ISA_USAGE = YES_ERROR;
				CLANG_WARN_DOCUMENTATION_COMMENTS = YES;
				CLANG_WARN_EMPTY_BODY = YES;
				CLANG_WARN_ENUM_CONVERSION = YES;
				CLANG_WARN_INFINITE_RECURSION = YES;
				CLANG_WARN_INT_CONVERSION = YES;
				CLANG_WARN_OBJC_ROOT_CLASS = YES_ERROR;
				CLANG_WARN_SUSPICIOUS_MOVES = YES;
				CLANG_WARN_UNREACHABLE_CODE = YES;
				CLANG_WARN__DUPLICATE_METHOD_MATCH = YES;
				"CODE_SIGN_IDENTITY[sdk=iphoneos*]" = "iPhone Developer";
				COPY_PHASE_STRIP = NO;
				DEBUG_INFORMATION_FORMAT = "dwarf-with-dsym";
				ENABLE_NS_ASSERTIONS = NO;
				ENABLE_STRICT_OBJC_MSGSEND = YES;
				GCC_C_LANGUAGE_STANDARD = gnu99;
				GCC_NO_COMMON_BLOCKS = YES;
				GCC_WARN_64_TO_32_BIT_CONVERSION = YES;
				GCC_WARN_ABOUT_RETURN_TYPE = YES_ERROR;
				GCC_WARN_UNDECLARED_SELECTOR = YES;
				GCC_WARN_UNINITIALIZED_AUTOS = YES_AGGRESSIVE;
				GCC_WARN_UNUSED_FUNCTION = YES;
				GCC_WARN_UNUSED_VARIABLE = YES;
				IPHONEOS_DEPLOYMENT_TARGET = 10.1;
				MTL_ENABLE_DEBUG_INFO = NO;
				SDKROOT = iphoneos;
				SWIFT_OPTIMIZATION_LEVEL = "-Owholemodule";
				VALIDATE_PRODUCT = YES;
			};
			name = Release;
		};
		9BDA26281E08DEAD0026644C /* Debug */ = {
			isa = XCBuildConfiguration;
			buildSettings = {
				ASSETCATALOG_COMPILER_APPICON_NAME = AppIcon;
				DEVELOPMENT_TEAM = 7JP8NP67JM;
				FRAMEWORK_SEARCH_PATHS = (
					"$(inherited)",
					"$(PROJECT_DIR)/Carthage/Build/iOS",
				);
				INFOPLIST_FILE = HRU_ClientExample/Info.plist;
				IPHONEOS_DEPLOYMENT_TARGET = 10.0;
				LD_RUNPATH_SEARCH_PATHS = "$(inherited) @executable_path/Frameworks";
				PRODUCT_BUNDLE_IDENTIFIER = "com.SwiftWithMe.HRU-ClientExample";
				PRODUCT_NAME = "$(TARGET_NAME)";
				SWIFT_VERSION = 3.0;
			};
			name = Debug;
		};
		9BDA26291E08DEAD0026644C /* Release */ = {
			isa = XCBuildConfiguration;
			buildSettings = {
				ASSETCATALOG_COMPILER_APPICON_NAME = AppIcon;
				DEVELOPMENT_TEAM = 7JP8NP67JM;
				FRAMEWORK_SEARCH_PATHS = (
					"$(inherited)",
					"$(PROJECT_DIR)/Carthage/Build/iOS",
				);
				INFOPLIST_FILE = HRU_ClientExample/Info.plist;
				IPHONEOS_DEPLOYMENT_TARGET = 10.0;
				LD_RUNPATH_SEARCH_PATHS = "$(inherited) @executable_path/Frameworks";
				PRODUCT_BUNDLE_IDENTIFIER = "com.SwiftWithMe.HRU-ClientExample";
				PRODUCT_NAME = "$(TARGET_NAME)";
				SWIFT_VERSION = 3.0;
			};
			name = Release;
		};
/* End XCBuildConfiguration section */

/* Begin XCConfigurationList section */
		9BDA26101E08DEAD0026644C /* Build configuration list for PBXProject "HRU_ClientExample" */ = {
			isa = XCConfigurationList;
			buildConfigurations = (
				9BDA26251E08DEAD0026644C /* Debug */,
				9BDA26261E08DEAD0026644C /* Release */,
			);
			defaultConfigurationIsVisible = 0;
			defaultConfigurationName = Release;
		};
		9BDA26271E08DEAD0026644C /* Build configuration list for PBXNativeTarget "HRU_ClientExample" */ = {
			isa = XCConfigurationList;
			buildConfigurations = (
				9BDA26281E08DEAD0026644C /* Debug */,
				9BDA26291E08DEAD0026644C /* Release */,
			);
			defaultConfigurationIsVisible = 0;
			defaultConfigurationName = Release;
		};
/* End XCConfigurationList section */
	};
	rootObject = 9BDA260D1E08DEAD0026644C /* Project object */;
}
